
Microsoft Visual Studio Solution File, Format Version 12.00
# Visual Studio Version 17
VisualStudioVersion = 17.3.32922.545
MinimumVisualStudioVersion = 10.0.40219.1
Project("{8BC9CEB8-8B4A-11D0-8D11-00A0C91BC942}") = "ChyrunSofia13.2.1", "ChyrunSofia13.2.1\ChyrunSofia13.2.1.vcxproj", "{32B415B0-FAAB-40E4-845D-8D01B7F206CA}"
EndProject
Project("{8BC9CEB8-8B4A-11D0-8D11-00A0C91BC942}") = "UnitTest13.2.1", "UnitTest13.2.1\UnitTest13.2.1.vcxproj", "{D63924DB-C106-454E-BA15-740150D204CE}"
EndProject
Global
	GlobalSection(SolutionConfigurationPlatforms) = preSolution
		Debug|x64 = Debug|x64
		Debug|x86 = Debug|x86
		Release|x64 = Release|x64
		Release|x86 = Release|x86
	EndGlobalSection
	GlobalSection(ProjectConfigurationPlatforms) = postSolution
		{32B415B0-FAAB-40E4-845D-8D01B7F206CA}.Debug|x64.ActiveCfg = Debug|x64
		{32B415B0-FAAB-40E4-845D-8D01B7F206CA}.Debug|x64.Build.0 = Debug|x64
		{32B415B0-FAAB-40E4-845D-8D01B7F206CA}.Debug|x86.ActiveCfg = Debug|Win32
		{32B415B0-FAAB-40E4-845D-8D01B7F206CA}.Debug|x86.Build.0 = Debug|Win32
		{32B415B0-FAAB-40E4-845D-8D01B7F206CA}.Release|x64.ActiveCfg = Release|x64
		{32B415B0-FAAB-40E4-845D-8D01B7F206CA}.Release|x64.Build.0 = Release|x64
		{32B415B0-FAAB-40E4-845D-8D01B7F206CA}.Release|x86.ActiveCfg = Release|Win32
		{32B415B0-FAAB-40E4-845D-8D01B7F206CA}.Release|x86.Build.0 = Release|Win32
		{D63924DB-C106-454E-BA15-740150D204CE}.Debug|x64.ActiveCfg = Debug|x64
		{D63924DB-C106-454E-BA15-740150D204CE}.Debug|x64.Build.0 = Debug|x64
		{D63924DB-C106-454E-BA15-740150D204CE}.Debug|x86.ActiveCfg = Debug|Win32
		{D63924DB-C106-454E-BA15-740150D204CE}.Debug|x86.Build.0 = Debug|Win32
		{D63924DB-C106-454E-BA15-740150D204CE}.Release|x64.ActiveCfg = Release|x64
		{D63924DB-C106-454E-BA15-740150D204CE}.Release|x64.Build.0 = Release|x64
		{D63924DB-C106-454E-BA15-740150D204CE}.Release|x86.ActiveCfg = Release|Win32
		{D63924DB-C106-454E-BA15-740150D204CE}.Release|x86.Build.0 = Release|Win32
	EndGlobalSection
	GlobalSection(SolutionProperties) = preSolution
		HideSolutionNode = FALSE
	EndGlobalSection
	GlobalSection(ExtensibilityGlobals) = postSolution
		SolutionGuid = {018BC6E8-F418-4FBC-9A07-6E335FCA9760}
	EndGlobalSection
EndGlobal
